// !$*UTF8*$!
{
	archiveVersion = 1;
	classes = {
	};
	objectVersion = 55;
	objects = {

/* Begin PBXBuildFile section */
		11277FFA27A0CF4300BA8D19 /* NewsDetailViewController.swift in Sources */ = {isa = PBXBuildFile; fileRef = 11277FF827A0CF4300BA8D19 /* NewsDetailViewController.swift */; };
		11277FFB27A0CF4300BA8D19 /* NewsDetailViewController.xib in Resources */ = {isa = PBXBuildFile; fileRef = 11277FF927A0CF4300BA8D19 /* NewsDetailViewController.xib */; };
		11277FFD27A0CF6E00BA8D19 /* NewsDetailViewPresenter.swift in Sources */ = {isa = PBXBuildFile; fileRef = 11277FFC27A0CF6E00BA8D19 /* NewsDetailViewPresenter.swift */; };
		11277FFF27A0CF8800BA8D19 /* NewsDetailViewInteractor.swift in Sources */ = {isa = PBXBuildFile; fileRef = 11277FFE27A0CF8800BA8D19 /* NewsDetailViewInteractor.swift */; };
		1165E8572798E4270094412B /* NewsTableViewCell.swift in Sources */ = {isa = PBXBuildFile; fileRef = 1165E8552798E4270094412B /* NewsTableViewCell.swift */; };
		1165E8582798E4270094412B /* NewsTableViewCell.xib in Resources */ = {isa = PBXBuildFile; fileRef = 1165E8562798E4270094412B /* NewsTableViewCell.xib */; };
		1165E85D2798EA660094412B /* NewsModel.swift in Sources */ = {isa = PBXBuildFile; fileRef = 1165E85C2798EA660094412B /* NewsModel.swift */; };
		1165E85F2798F3290094412B /* NewsCellModel.swift in Sources */ = {isa = PBXBuildFile; fileRef = 1165E85E2798F3290094412B /* NewsCellModel.swift */; };
		118149F8279F74F400E504F8 /* NewsViewControllerSpy.swift in Sources */ = {isa = PBXBuildFile; fileRef = 118149F7279F74F400E504F8 /* NewsViewControllerSpy.swift */; };
		118149FA279F788F00E504F8 /* NewsViewPresenterTests.swift in Sources */ = {isa = PBXBuildFile; fileRef = 118149F9279F788F00E504F8 /* NewsViewPresenterTests.swift */; };
		118462EF279B84B300945D29 /* NetworkService.swift in Sources */ = {isa = PBXBuildFile; fileRef = 118462EE279B84B300945D29 /* NetworkService.swift */; };
		118ED7A62797A658004DA179 /* NewsViewInteractor.swift in Sources */ = {isa = PBXBuildFile; fileRef = 118ED7A52797A658004DA179 /* NewsViewInteractor.swift */; };
		118ED7A82797A678004DA179 /* NewsViewPresenter.swift in Sources */ = {isa = PBXBuildFile; fileRef = 118ED7A72797A678004DA179 /* NewsViewPresenter.swift */; };
		118ED7AD2797AF2E004DA179 /* Builder.swift in Sources */ = {isa = PBXBuildFile; fileRef = 118ED7AC2797AF2E004DA179 /* Builder.swift */; };
		1190E09927963CC00030B6E8 /* AppDelegate.swift in Sources */ = {isa = PBXBuildFile; fileRef = 1190E09827963CC00030B6E8 /* AppDelegate.swift */; };
		1190E09B27963CC00030B6E8 /* SceneDelegate.swift in Sources */ = {isa = PBXBuildFile; fileRef = 1190E09A27963CC00030B6E8 /* SceneDelegate.swift */; };
		1190E09D27963CC00030B6E8 /* NewsViewController.swift in Sources */ = {isa = PBXBuildFile; fileRef = 1190E09C27963CC00030B6E8 /* NewsViewController.swift */; };
		1190E0A227963CC40030B6E8 /* Assets.xcassets in Resources */ = {isa = PBXBuildFile; fileRef = 1190E0A127963CC40030B6E8 /* Assets.xcassets */; };
		1190E0A527963CC40030B6E8 /* LaunchScreen.storyboard in Resources */ = {isa = PBXBuildFile; fileRef = 1190E0A327963CC40030B6E8 /* LaunchScreen.storyboard */; };
		1190E0B027963CC40030B6E8 /* NewsModelTests.swift in Sources */ = {isa = PBXBuildFile; fileRef = 1190E0AF27963CC40030B6E8 /* NewsModelTests.swift */; };
		119E2581279CEDDB0041FBFA /* NewsViewInteractorTests.swift in Sources */ = {isa = PBXBuildFile; fileRef = 119E2580279CEDDA0041FBFA /* NewsViewInteractorTests.swift */; };
		119E2584279CF3290041FBFA /* NewsViewPresenterSpy.swift in Sources */ = {isa = PBXBuildFile; fileRef = 119E2583279CF3290041FBFA /* NewsViewPresenterSpy.swift */; };
		119E2586279CF5CE0041FBFA /* NetworkServiceSpy.swift in Sources */ = {isa = PBXBuildFile; fileRef = 119E2585279CF5CE0041FBFA /* NetworkServiceSpy.swift */; };
		11FC1D312796699D00C0C9D8 /* NewsViewController.xib in Resources */ = {isa = PBXBuildFile; fileRef = 11FC1D302796699D00C0C9D8 /* NewsViewController.xib */; };
/* End PBXBuildFile section */

/* Begin PBXContainerItemProxy section */
		1190E0AC27963CC40030B6E8 /* PBXContainerItemProxy */ = {
			isa = PBXContainerItemProxy;
			containerPortal = 1190E08D27963CC00030B6E8 /* Project object */;
			proxyType = 1;
			remoteGlobalIDString = 1190E09427963CC00030B6E8;
			remoteInfo = NewsApp;
		};
/* End PBXContainerItemProxy section */

/* Begin PBXFileReference section */
		11277FF827A0CF4300BA8D19 /* NewsDetailViewController.swift */ = {isa = PBXFileReference; lastKnownFileType = sourcecode.swift; path = NewsDetailViewController.swift; sourceTree = "<group>"; };
		11277FF927A0CF4300BA8D19 /* NewsDetailViewController.xib */ = {isa = PBXFileReference; lastKnownFileType = file.xib; path = NewsDetailViewController.xib; sourceTree = "<group>"; };
		11277FFC27A0CF6E00BA8D19 /* NewsDetailViewPresenter.swift */ = {isa = PBXFileReference; lastKnownFileType = sourcecode.swift; path = NewsDetailViewPresenter.swift; sourceTree = "<group>"; };
		11277FFE27A0CF8800BA8D19 /* NewsDetailViewInteractor.swift */ = {isa = PBXFileReference; lastKnownFileType = sourcecode.swift; path = NewsDetailViewInteractor.swift; sourceTree = "<group>"; };
		1165E8552798E4270094412B /* NewsTableViewCell.swift */ = {isa = PBXFileReference; lastKnownFileType = sourcecode.swift; path = NewsTableViewCell.swift; sourceTree = "<group>"; };
		1165E8562798E4270094412B /* NewsTableViewCell.xib */ = {isa = PBXFileReference; lastKnownFileType = file.xib; path = NewsTableViewCell.xib; sourceTree = "<group>"; };
		1165E85C2798EA660094412B /* NewsModel.swift */ = {isa = PBXFileReference; lastKnownFileType = sourcecode.swift; path = NewsModel.swift; sourceTree = "<group>"; };
		1165E85E2798F3290094412B /* NewsCellModel.swift */ = {isa = PBXFileReference; lastKnownFileType = sourcecode.swift; path = NewsCellModel.swift; sourceTree = "<group>"; };
		118149F7279F74F400E504F8 /* NewsViewControllerSpy.swift */ = {isa = PBXFileReference; lastKnownFileType = sourcecode.swift; path = NewsViewControllerSpy.swift; sourceTree = "<group>"; };
		118149F9279F788F00E504F8 /* NewsViewPresenterTests.swift */ = {isa = PBXFileReference; lastKnownFileType = sourcecode.swift; path = NewsViewPresenterTests.swift; sourceTree = "<group>"; };
		118462EE279B84B300945D29 /* NetworkService.swift */ = {isa = PBXFileReference; lastKnownFileType = sourcecode.swift; path = NetworkService.swift; sourceTree = "<group>"; };
		118ED7A52797A658004DA179 /* NewsViewInteractor.swift */ = {isa = PBXFileReference; lastKnownFileType = sourcecode.swift; path = NewsViewInteractor.swift; sourceTree = "<group>"; };
		118ED7A72797A678004DA179 /* NewsViewPresenter.swift */ = {isa = PBXFileReference; lastKnownFileType = sourcecode.swift; path = NewsViewPresenter.swift; sourceTree = "<group>"; };
		118ED7AC2797AF2E004DA179 /* Builder.swift */ = {isa = PBXFileReference; lastKnownFileType = sourcecode.swift; path = Builder.swift; sourceTree = "<group>"; };
		1190E09527963CC00030B6E8 /* NewsApp.app */ = {isa = PBXFileReference; explicitFileType = wrapper.application; includeInIndex = 0; path = NewsApp.app; sourceTree = BUILT_PRODUCTS_DIR; };
		1190E09827963CC00030B6E8 /* AppDelegate.swift */ = {isa = PBXFileReference; lastKnownFileType = sourcecode.swift; path = AppDelegate.swift; sourceTree = "<group>"; };
		1190E09A27963CC00030B6E8 /* SceneDelegate.swift */ = {isa = PBXFileReference; lastKnownFileType = sourcecode.swift; path = SceneDelegate.swift; sourceTree = "<group>"; };
		1190E09C27963CC00030B6E8 /* NewsViewController.swift */ = {isa = PBXFileReference; lastKnownFileType = sourcecode.swift; path = NewsViewController.swift; sourceTree = "<group>"; };
		1190E0A127963CC40030B6E8 /* Assets.xcassets */ = {isa = PBXFileReference; lastKnownFileType = folder.assetcatalog; path = Assets.xcassets; sourceTree = "<group>"; };
		1190E0A427963CC40030B6E8 /* Base */ = {isa = PBXFileReference; lastKnownFileType = file.storyboard; name = Base; path = Base.lproj/LaunchScreen.storyboard; sourceTree = "<group>"; };
		1190E0A627963CC40030B6E8 /* Info.plist */ = {isa = PBXFileReference; lastKnownFileType = text.plist.xml; path = Info.plist; sourceTree = "<group>"; };
		1190E0AB27963CC40030B6E8 /* NewsAppTests.xctest */ = {isa = PBXFileReference; explicitFileType = wrapper.cfbundle; includeInIndex = 0; path = NewsAppTests.xctest; sourceTree = BUILT_PRODUCTS_DIR; };
		1190E0AF27963CC40030B6E8 /* NewsModelTests.swift */ = {isa = PBXFileReference; lastKnownFileType = sourcecode.swift; path = NewsModelTests.swift; sourceTree = "<group>"; };
		119E2580279CEDDA0041FBFA /* NewsViewInteractorTests.swift */ = {isa = PBXFileReference; lastKnownFileType = sourcecode.swift; path = NewsViewInteractorTests.swift; sourceTree = "<group>"; };
		119E2583279CF3290041FBFA /* NewsViewPresenterSpy.swift */ = {isa = PBXFileReference; lastKnownFileType = sourcecode.swift; path = NewsViewPresenterSpy.swift; sourceTree = "<group>"; };
		119E2585279CF5CE0041FBFA /* NetworkServiceSpy.swift */ = {isa = PBXFileReference; lastKnownFileType = sourcecode.swift; path = NetworkServiceSpy.swift; sourceTree = "<group>"; };
		11FC1D302796699D00C0C9D8 /* NewsViewController.xib */ = {isa = PBXFileReference; lastKnownFileType = file.xib; path = NewsViewController.xib; sourceTree = "<group>"; };
/* End PBXFileReference section */

/* Begin PBXFrameworksBuildPhase section */
		1190E09227963CC00030B6E8 /* Frameworks */ = {
			isa = PBXFrameworksBuildPhase;
			buildActionMask = 2147483647;
			files = (
			);
			runOnlyForDeploymentPostprocessing = 0;
		};
		1190E0A827963CC40030B6E8 /* Frameworks */ = {
			isa = PBXFrameworksBuildPhase;
			buildActionMask = 2147483647;
			files = (
			);
			runOnlyForDeploymentPostprocessing = 0;
		};
/* End PBXFrameworksBuildPhase section */

/* Begin PBXGroup section */
		11277FF627A0CE5300BA8D19 /* Screens */ = {
			isa = PBXGroup;
			children = (
				11FC1D2F2796695F00C0C9D8 /* NewsScreen */,
				11277FF727A0CEED00BA8D19 /* NewsDetailScreen */,
			);
			path = Screens;
			sourceTree = "<group>";
		};
		11277FF727A0CEED00BA8D19 /* NewsDetailScreen */ = {
			isa = PBXGroup;
			children = (
				11277FF927A0CF4300BA8D19 /* NewsDetailViewController.xib */,
				11277FF827A0CF4300BA8D19 /* NewsDetailViewController.swift */,
				11277FFE27A0CF8800BA8D19 /* NewsDetailViewInteractor.swift */,
				11277FFC27A0CF6E00BA8D19 /* NewsDetailViewPresenter.swift */,
			);
			path = NewsDetailScreen;
			sourceTree = "<group>";
		};
		1165E8542798E3D70094412B /* NewsCell */ = {
			isa = PBXGroup;
			children = (
				1165E8562798E4270094412B /* NewsTableViewCell.xib */,
				1165E8552798E4270094412B /* NewsTableViewCell.swift */,
				1165E85E2798F3290094412B /* NewsCellModel.swift */,
			);
			path = NewsCell;
			sourceTree = "<group>";
		};
		1165E85B2798EA440094412B /* Model */ = {
			isa = PBXGroup;
			children = (
				1165E85C2798EA660094412B /* NewsModel.swift */,
			);
			path = Model;
			sourceTree = "<group>";
		};
		118462ED279B83B300945D29 /* Worker */ = {
			isa = PBXGroup;
			children = (
				118462EE279B84B300945D29 /* NetworkService.swift */,
			);
			path = Worker;
			sourceTree = "<group>";
		};
		1187018F279A52390042EFA5 /* Model */ = {
			isa = PBXGroup;
			children = (
				1190E0AF27963CC40030B6E8 /* NewsModelTests.swift */,
			);
			path = Model;
			sourceTree = "<group>";
		};
		118ED7A92797AA97004DA179 /* Application */ = {
			isa = PBXGroup;
			children = (
				1190E09827963CC00030B6E8 /* AppDelegate.swift */,
				1190E09A27963CC00030B6E8 /* SceneDelegate.swift */,
			);
			path = Application;
			sourceTree = "<group>";
		};
		118ED7AA2797AAAE004DA179 /* SupportingFiles */ = {
			isa = PBXGroup;
			children = (
				1190E0A127963CC40030B6E8 /* Assets.xcassets */,
				1190E0A327963CC40030B6E8 /* LaunchScreen.storyboard */,
				1190E0A627963CC40030B6E8 /* Info.plist */,
			);
			path = SupportingFiles;
			sourceTree = "<group>";
		};
		118ED7AB2797AEF0004DA179 /* Assembly */ = {
			isa = PBXGroup;
			children = (
				118ED7AC2797AF2E004DA179 /* Builder.swift */,
			);
			path = Assembly;
			sourceTree = "<group>";
		};
		1190E08C27963CC00030B6E8 = {
			isa = PBXGroup;
			children = (
				1190E09727963CC00030B6E8 /* NewsApp */,
				1190E0AE27963CC40030B6E8 /* NewsAppTests */,
				1190E09627963CC00030B6E8 /* Products */,
			);
			sourceTree = "<group>";
		};
		1190E09627963CC00030B6E8 /* Products */ = {
			isa = PBXGroup;
			children = (
				1190E09527963CC00030B6E8 /* NewsApp.app */,
				1190E0AB27963CC40030B6E8 /* NewsAppTests.xctest */,
			);
			name = Products;
			sourceTree = "<group>";
		};
		1190E09727963CC00030B6E8 /* NewsApp */ = {
			isa = PBXGroup;
			children = (
				118ED7A92797AA97004DA179 /* Application */,
				118462ED279B83B300945D29 /* Worker */,
				118ED7AB2797AEF0004DA179 /* Assembly */,
				1165E85B2798EA440094412B /* Model */,
				11277FF627A0CE5300BA8D19 /* Screens */,
				118ED7AA2797AAAE004DA179 /* SupportingFiles */,
			);
			path = NewsApp;
			sourceTree = "<group>";
		};
		1190E0AE27963CC40030B6E8 /* NewsAppTests */ = {
			isa = PBXGroup;
			children = (
				119E257F279CED840041FBFA /* NewsScreen */,
				1187018F279A52390042EFA5 /* Model */,
			);
			path = NewsAppTests;
			sourceTree = "<group>";
		};
		119E257F279CED840041FBFA /* NewsScreen */ = {
			isa = PBXGroup;
			children = (
				119E2582279CEF810041FBFA /* TestDoubles */,
				119E2580279CEDDA0041FBFA /* NewsViewInteractorTests.swift */,
				118149F9279F788F00E504F8 /* NewsViewPresenterTests.swift */,
			);
			path = NewsScreen;
			sourceTree = "<group>";
		};
		119E2582279CEF810041FBFA /* TestDoubles */ = {
			isa = PBXGroup;
			children = (
				118149F7279F74F400E504F8 /* NewsViewControllerSpy.swift */,
				119E2583279CF3290041FBFA /* NewsViewPresenterSpy.swift */,
				119E2585279CF5CE0041FBFA /* NetworkServiceSpy.swift */,
			);
			path = TestDoubles;
			sourceTree = "<group>";
		};
		11FC1D2F2796695F00C0C9D8 /* NewsScreen */ = {
			isa = PBXGroup;
			children = (
				1165E8542798E3D70094412B /* NewsCell */,
				11FC1D302796699D00C0C9D8 /* NewsViewController.xib */,
				1190E09C27963CC00030B6E8 /* NewsViewController.swift */,
				118ED7A52797A658004DA179 /* NewsViewInteractor.swift */,
				118ED7A72797A678004DA179 /* NewsViewPresenter.swift */,
			);
			path = NewsScreen;
			sourceTree = "<group>";
		};
/* End PBXGroup section */

/* Begin PBXNativeTarget section */
		1190E09427963CC00030B6E8 /* NewsApp */ = {
			isa = PBXNativeTarget;
			buildConfigurationList = 1190E0BF27963CC50030B6E8 /* Build configuration list for PBXNativeTarget "NewsApp" */;
			buildPhases = (
				1190E09127963CC00030B6E8 /* Sources */,
				1190E09227963CC00030B6E8 /* Frameworks */,
				1190E09327963CC00030B6E8 /* Resources */,
			);
			buildRules = (
			);
			dependencies = (
			);
			name = NewsApp;
			productName = NewsApp;
			productReference = 1190E09527963CC00030B6E8 /* NewsApp.app */;
			productType = "com.apple.product-type.application";
		};
		1190E0AA27963CC40030B6E8 /* NewsAppTests */ = {
			isa = PBXNativeTarget;
			buildConfigurationList = 1190E0C227963CC50030B6E8 /* Build configuration list for PBXNativeTarget "NewsAppTests" */;
			buildPhases = (
				1190E0A727963CC40030B6E8 /* Sources */,
				1190E0A827963CC40030B6E8 /* Frameworks */,
				1190E0A927963CC40030B6E8 /* Resources */,
			);
			buildRules = (
			);
			dependencies = (
				1190E0AD27963CC40030B6E8 /* PBXTargetDependency */,
			);
			name = NewsAppTests;
			productName = NewsAppTests;
			productReference = 1190E0AB27963CC40030B6E8 /* NewsAppTests.xctest */;
			productType = "com.apple.product-type.bundle.unit-test";
		};
/* End PBXNativeTarget section */

/* Begin PBXProject section */
		1190E08D27963CC00030B6E8 /* Project object */ = {
			isa = PBXProject;
			attributes = {
				BuildIndependentTargetsInParallel = 1;
				LastSwiftUpdateCheck = 1300;
				LastUpgradeCheck = 1300;
				TargetAttributes = {
					1190E09427963CC00030B6E8 = {
						CreatedOnToolsVersion = 13.0;
					};
					1190E0AA27963CC40030B6E8 = {
						CreatedOnToolsVersion = 13.0;
						TestTargetID = 1190E09427963CC00030B6E8;
					};
				};
			};
			buildConfigurationList = 1190E09027963CC00030B6E8 /* Build configuration list for PBXProject "NewsApp" */;
			compatibilityVersion = "Xcode 13.0";
			developmentRegion = en;
			hasScannedForEncodings = 0;
			knownRegions = (
				en,
				Base,
			);
			mainGroup = 1190E08C27963CC00030B6E8;
			productRefGroup = 1190E09627963CC00030B6E8 /* Products */;
			projectDirPath = "";
			projectRoot = "";
			targets = (
				1190E09427963CC00030B6E8 /* NewsApp */,
				1190E0AA27963CC40030B6E8 /* NewsAppTests */,
			);
		};
/* End PBXProject section */

/* Begin PBXResourcesBuildPhase section */
		1190E09327963CC00030B6E8 /* Resources */ = {
			isa = PBXResourcesBuildPhase;
			buildActionMask = 2147483647;
			files = (
				1190E0A527963CC40030B6E8 /* LaunchScreen.storyboard in Resources */,
				11277FFB27A0CF4300BA8D19 /* NewsDetailViewController.xib in Resources */,
				1190E0A227963CC40030B6E8 /* Assets.xcassets in Resources */,
				1165E8582798E4270094412B /* NewsTableViewCell.xib in Resources */,
				11FC1D312796699D00C0C9D8 /* NewsViewController.xib in Resources */,
			);
			runOnlyForDeploymentPostprocessing = 0;
		};
		1190E0A927963CC40030B6E8 /* Resources */ = {
			isa = PBXResourcesBuildPhase;
			buildActionMask = 2147483647;
			files = (
			);
			runOnlyForDeploymentPostprocessing = 0;
		};
/* End PBXResourcesBuildPhase section */

/* Begin PBXSourcesBuildPhase section */
		1190E09127963CC00030B6E8 /* Sources */ = {
			isa = PBXSourcesBuildPhase;
			buildActionMask = 2147483647;
			files = (
				118462EF279B84B300945D29 /* NetworkService.swift in Sources */,
				11277FFF27A0CF8800BA8D19 /* NewsDetailViewInteractor.swift in Sources */,
				1165E85D2798EA660094412B /* NewsModel.swift in Sources */,
				118ED7A82797A678004DA179 /* NewsViewPresenter.swift in Sources */,
				11277FFD27A0CF6E00BA8D19 /* NewsDetailViewPresenter.swift in Sources */,
				1165E8572798E4270094412B /* NewsTableViewCell.swift in Sources */,
				118ED7AD2797AF2E004DA179 /* Builder.swift in Sources */,
				1190E09D27963CC00030B6E8 /* NewsViewController.swift in Sources */,
				11277FFA27A0CF4300BA8D19 /* NewsDetailViewController.swift in Sources */,
				1165E85F2798F3290094412B /* NewsCellModel.swift in Sources */,
				1190E09927963CC00030B6E8 /* AppDelegate.swift in Sources */,
				118ED7A62797A658004DA179 /* NewsViewInteractor.swift in Sources */,
				1190E09B27963CC00030B6E8 /* SceneDelegate.swift in Sources */,
			);
			runOnlyForDeploymentPostprocessing = 0;
		};
		1190E0A727963CC40030B6E8 /* Sources */ = {
			isa = PBXSourcesBuildPhase;
			buildActionMask = 2147483647;
			files = (
				118149F8279F74F400E504F8 /* NewsViewControllerSpy.swift in Sources */,
				119E2584279CF3290041FBFA /* NewsViewPresenterSpy.swift in Sources */,
				118149FA279F788F00E504F8 /* NewsViewPresenterTests.swift in Sources */,
				119E2586279CF5CE0041FBFA /* NetworkServiceSpy.swift in Sources */,
				119E2581279CEDDB0041FBFA /* NewsViewInteractorTests.swift in Sources */,
				1190E0B027963CC40030B6E8 /* NewsModelTests.swift in Sources */,
			);
			runOnlyForDeploymentPostprocessing = 0;
		};
/* End PBXSourcesBuildPhase section */

/* Begin PBXTargetDependency section */
		1190E0AD27963CC40030B6E8 /* PBXTargetDependency */ = {
			isa = PBXTargetDependency;
			target = 1190E09427963CC00030B6E8 /* NewsApp */;
			targetProxy = 1190E0AC27963CC40030B6E8 /* PBXContainerItemProxy */;
		};
/* End PBXTargetDependency section */

/* Begin PBXVariantGroup section */
		1190E0A327963CC40030B6E8 /* LaunchScreen.storyboard */ = {
			isa = PBXVariantGroup;
			children = (
				1190E0A427963CC40030B6E8 /* Base */,
			);
			name = LaunchScreen.storyboard;
			sourceTree = "<group>";
		};
/* End PBXVariantGroup section */

/* Begin XCBuildConfiguration section */
		1190E0BD27963CC50030B6E8 /* Debug */ = {
			isa = XCBuildConfiguration;
			buildSettings = {
				ALWAYS_SEARCH_USER_PATHS = NO;
				CLANG_ANALYZER_NONNULL = YES;
				CLANG_ANALYZER_NUMBER_OBJECT_CONVERSION = YES_AGGRESSIVE;
				CLANG_CXX_LANGUAGE_STANDARD = "gnu++17";
				CLANG_CXX_LIBRARY = "libc++";
				CLANG_ENABLE_MODULES = YES;
				CLANG_ENABLE_OBJC_ARC = YES;
				CLANG_ENABLE_OBJC_WEAK = YES;
				CLANG_WARN_BLOCK_CAPTURE_AUTORELEASING = YES;
				CLANG_WARN_BOOL_CONVERSION = YES;
				CLANG_WARN_COMMA = YES;
				CLANG_WARN_CONSTANT_CONVERSION = YES;
				CLANG_WARN_DEPRECATED_OBJC_IMPLEMENTATIONS = YES;
				CLANG_WARN_DIRECT_OBJC_ISA_USAGE = YES_ERROR;
				CLANG_WARN_DOCUMENTATION_COMMENTS = YES;
				CLANG_WARN_EMPTY_BODY = YES;
				CLANG_WARN_ENUM_CONVERSION = YES;
				CLANG_WARN_INFINITE_RECURSION = YES;
				CLANG_WARN_INT_CONVERSION = YES;
				CLANG_WARN_NON_LITERAL_NULL_CONVERSION = YES;
				CLANG_WARN_OBJC_IMPLICIT_RETAIN_SELF = YES;
				CLANG_WARN_OBJC_LITERAL_CONVERSION = YES;
				CLANG_WARN_OBJC_ROOT_CLASS = YES_ERROR;
				CLANG_WARN_QUOTED_INCLUDE_IN_FRAMEWORK_HEADER = YES;
				CLANG_WARN_RANGE_LOOP_ANALYSIS = YES;
				CLANG_WARN_STRICT_PROTOTYPES = YES;
				CLANG_WARN_SUSPICIOUS_MOVE = YES;
				CLANG_WARN_UNGUARDED_AVAILABILITY = YES_AGGRESSIVE;
				CLANG_WARN_UNREACHABLE_CODE = YES;
				CLANG_WARN__DUPLICATE_METHOD_MATCH = YES;
				COPY_PHASE_STRIP = NO;
				DEBUG_INFORMATION_FORMAT = dwarf;
				ENABLE_STRICT_OBJC_MSGSEND = YES;
				ENABLE_TESTABILITY = YES;
				GCC_C_LANGUAGE_STANDARD = gnu11;
				GCC_DYNAMIC_NO_PIC = NO;
				GCC_NO_COMMON_BLOCKS = YES;
				GCC_OPTIMIZATION_LEVEL = 0;
				GCC_PREPROCESSOR_DEFINITIONS = (
					"DEBUG=1",
					"$(inherited)",
				);
				GCC_WARN_64_TO_32_BIT_CONVERSION = YES;
				GCC_WARN_ABOUT_RETURN_TYPE = YES_ERROR;
				GCC_WARN_UNDECLARED_SELECTOR = YES;
				GCC_WARN_UNINITIALIZED_AUTOS = YES_AGGRESSIVE;
				GCC_WARN_UNUSED_FUNCTION = YES;
				GCC_WARN_UNUSED_VARIABLE = YES;
				IPHONEOS_DEPLOYMENT_TARGET = 15.0;
				MTL_ENABLE_DEBUG_INFO = INCLUDE_SOURCE;
				MTL_FAST_MATH = YES;
				ONLY_ACTIVE_ARCH = YES;
				SDKROOT = iphoneos;
				SWIFT_ACTIVE_COMPILATION_CONDITIONS = DEBUG;
				SWIFT_OPTIMIZATION_LEVEL = "-Onone";
			};
			name = Debug;
		};
		1190E0BE27963CC50030B6E8 /* Release */ = {
			isa = XCBuildConfiguration;
			buildSettings = {
				ALWAYS_SEARCH_USER_PATHS = NO;
				CLANG_ANALYZER_NONNULL = YES;
				CLANG_ANALYZER_NUMBER_OBJECT_CONVERSION = YES_AGGRESSIVE;
				CLANG_CXX_LANGUAGE_STANDARD = "gnu++17";
				CLANG_CXX_LIBRARY = "libc++";
				CLANG_ENABLE_MODULES = YES;
				CLANG_ENABLE_OBJC_ARC = YES;
				CLANG_ENABLE_OBJC_WEAK = YES;
				CLANG_WARN_BLOCK_CAPTURE_AUTORELEASING = YES;
				CLANG_WARN_BOOL_CONVERSION = YES;
				CLANG_WARN_COMMA = YES;
				CLANG_WARN_CONSTANT_CONVERSION = YES;
				CLANG_WARN_DEPRECATED_OBJC_IMPLEMENTATIONS = YES;
				CLANG_WARN_DIRECT_OBJC_ISA_USAGE = YES_ERROR;
				CLANG_WARN_DOCUMENTATION_COMMENTS = YES;
				CLANG_WARN_EMPTY_BODY = YES;
				CLANG_WARN_ENUM_CONVERSION = YES;
				CLANG_WARN_INFINITE_RECURSION = YES;
				CLANG_WARN_INT_CONVERSION = YES;
				CLANG_WARN_NON_LITERAL_NULL_CONVERSION = YES;
				CLANG_WARN_OBJC_IMPLICIT_RETAIN_SELF = YES;
				CLANG_WARN_OBJC_LITERAL_CONVERSION = YES;
				CLANG_WARN_OBJC_ROOT_CLASS = YES_ERROR;
				CLANG_WARN_QUOTED_INCLUDE_IN_FRAMEWORK_HEADER = YES;
				CLANG_WARN_RANGE_LOOP_ANALYSIS = YES;
				CLANG_WARN_STRICT_PROTOTYPES = YES;
				CLANG_WARN_SUSPICIOUS_MOVE = YES;
				CLANG_WARN_UNGUARDED_AVAILABILITY = YES_AGGRESSIVE;
				CLANG_WARN_UNREACHABLE_CODE = YES;
				CLANG_WARN__DUPLICATE_METHOD_MATCH = YES;
				COPY_PHASE_STRIP = NO;
				DEBUG_INFORMATION_FORMAT = "dwarf-with-dsym";
				ENABLE_NS_ASSERTIONS = NO;
				ENABLE_STRICT_OBJC_MSGSEND = YES;
				GCC_C_LANGUAGE_STANDARD = gnu11;
				GCC_NO_COMMON_BLOCKS = YES;
				GCC_WARN_64_TO_32_BIT_CONVERSION = YES;
				GCC_WARN_ABOUT_RETURN_TYPE = YES_ERROR;
				GCC_WARN_UNDECLARED_SELECTOR = YES;
				GCC_WARN_UNINITIALIZED_AUTOS = YES_AGGRESSIVE;
				GCC_WARN_UNUSED_FUNCTION = YES;
				GCC_WARN_UNUSED_VARIABLE = YES;
				IPHONEOS_DEPLOYMENT_TARGET = 15.0;
				MTL_ENABLE_DEBUG_INFO = NO;
				MTL_FAST_MATH = YES;
				SDKROOT = iphoneos;
				SWIFT_COMPILATION_MODE = wholemodule;
				SWIFT_OPTIMIZATION_LEVEL = "-O";
				VALIDATE_PRODUCT = YES;
			};
			name = Release;
		};
		1190E0C027963CC50030B6E8 /* Debug */ = {
			isa = XCBuildConfiguration;
			buildSettings = {
				ASSETCATALOG_COMPILER_APPICON_NAME = AppIcon;
				ASSETCATALOG_COMPILER_GLOBAL_ACCENT_COLOR_NAME = AccentColor;
				CODE_SIGN_STYLE = Automatic;
				CURRENT_PROJECT_VERSION = 1;
				DEVELOPMENT_TEAM = 3JF86XZDGA;
				GENERATE_INFOPLIST_FILE = YES;
				INFOPLIST_FILE = NewsApp/SupportingFiles/Info.plist;
				INFOPLIST_KEY_UIApplicationSupportsIndirectInputEvents = YES;
				INFOPLIST_KEY_UILaunchStoryboardName = LaunchScreen;
				INFOPLIST_KEY_UISupportedInterfaceOrientations_iPad = "UIInterfaceOrientationPortrait UIInterfaceOrientationPortraitUpsideDown UIInterfaceOrientationLandscapeLeft UIInterfaceOrientationLandscapeRight";
				INFOPLIST_KEY_UISupportedInterfaceOrientations_iPhone = "UIInterfaceOrientationPortrait UIInterfaceOrientationLandscapeLeft UIInterfaceOrientationLandscapeRight";
				LD_RUNPATH_SEARCH_PATHS = (
					"$(inherited)",
					"@executable_path/Frameworks",
				);
				MARKETING_VERSION = 1.0;
				PRODUCT_BUNDLE_IDENTIFIER = com.AlexanderBykov.NewsApp;
				PRODUCT_NAME = "$(TARGET_NAME)";
				SWIFT_EMIT_LOC_STRINGS = YES;
				SWIFT_VERSION = 5.0;
				TARGETED_DEVICE_FAMILY = "1,2";
			};
			name = Debug;
		};
		1190E0C127963CC50030B6E8 /* Release */ = {
			isa = XCBuildConfiguration;
			buildSettings = {
				ASSETCATALOG_COMPILER_APPICON_NAME = AppIcon;
				ASSETCATALOG_COMPILER_GLOBAL_ACCENT_COLOR_NAME = AccentColor;
				CODE_SIGN_STYLE = Automatic;
				CURRENT_PROJECT_VERSION = 1;
				DEVELOPMENT_TEAM = 3JF86XZDGA;
				GENERATE_INFOPLIST_FILE = YES;
				INFOPLIST_FILE = NewsApp/SupportingFiles/Info.plist;
				INFOPLIST_KEY_UIApplicationSupportsIndirectInputEvents = YES;
				INFOPLIST_KEY_UILaunchStoryboardName = LaunchScreen;
				INFOPLIST_KEY_UISupportedInterfaceOrientations_iPad = "UIInterfaceOrientationPortrait UIInterfaceOrientationPortraitUpsideDown UIInterfaceOrientationLandscapeLeft UIInterfaceOrientationLandscapeRight";
				INFOPLIST_KEY_UISupportedInterfaceOrientations_iPhone = "UIInterfaceOrientationPortrait UIInterfaceOrientationLandscapeLeft UIInterfaceOrientationLandscapeRight";
				LD_RUNPATH_SEARCH_PATHS = (
					"$(inherited)",
					"@executable_path/Frameworks",
				);
				MARKETING_VERSION = 1.0;
				PRODUCT_BUNDLE_IDENTIFIER = com.AlexanderBykov.NewsApp;
				PRODUCT_NAME = "$(TARGET_NAME)";
				SWIFT_EMIT_LOC_STRINGS = YES;
				SWIFT_VERSION = 5.0;
				TARGETED_DEVICE_FAMILY = "1,2";
			};
			name = Release;
		};
		1190E0C327963CC50030B6E8 /* Debug */ = {
			isa = XCBuildConfiguration;
			buildSettings = {
				ALWAYS_EMBED_SWIFT_STANDARD_LIBRARIES = YES;
				BUNDLE_LOADER = "$(TEST_HOST)";
				CODE_SIGN_STYLE = Automatic;
				CURRENT_PROJECT_VERSION = 1;
				DEVELOPMENT_TEAM = 3JF86XZDGA;
				GENERATE_INFOPLIST_FILE = YES;
				IPHONEOS_DEPLOYMENT_TARGET = 15.0;
				LD_RUNPATH_SEARCH_PATHS = (
					"$(inherited)",
					"@executable_path/Frameworks",
					"@loader_path/Frameworks",
				);
				MARKETING_VERSION = 1.0;
				PRODUCT_BUNDLE_IDENTIFIER = com.AlexanderBykov.NewsAppTests;
				PRODUCT_NAME = "$(TARGET_NAME)";
				SWIFT_EMIT_LOC_STRINGS = NO;
				SWIFT_VERSION = 5.0;
				TARGETED_DEVICE_FAMILY = "1,2";
				TEST_HOST = "$(BUILT_PRODUCTS_DIR)/NewsApp.app/NewsApp";
			};
			name = Debug;
		};
		1190E0C427963CC50030B6E8 /* Release */ = {
			isa = XCBuildConfiguration;
			buildSettings = {
				ALWAYS_EMBED_SWIFT_STANDARD_LIBRARIES = YES;
				BUNDLE_LOADER = "$(TEST_HOST)";
				CODE_SIGN_STYLE = Automatic;
				CURRENT_PROJECT_VERSION = 1;
				DEVELOPMENT_TEAM = 3JF86XZDGA;
				GENERATE_INFOPLIST_FILE = YES;
				IPHONEOS_DEPLOYMENT_TARGET = 15.0;
				LD_RUNPATH_SEARCH_PATHS = (
					"$(inherited)",
					"@executable_path/Frameworks",
					"@loader_path/Frameworks",
				);
				MARKETING_VERSION = 1.0;
				PRODUCT_BUNDLE_IDENTIFIER = com.AlexanderBykov.NewsAppTests;
				PRODUCT_NAME = "$(TARGET_NAME)";
				SWIFT_EMIT_LOC_STRINGS = NO;
				SWIFT_VERSION = 5.0;
				TARGETED_DEVICE_FAMILY = "1,2";
				TEST_HOST = "$(BUILT_PRODUCTS_DIR)/NewsApp.app/NewsApp";
			};
			name = Release;
		};
/* End XCBuildConfiguration section */

/* Begin XCConfigurationList section */
		1190E09027963CC00030B6E8 /* Build configuration list for PBXProject "NewsApp" */ = {
			isa = XCConfigurationList;
			buildConfigurations = (
				1190E0BD27963CC50030B6E8 /* Debug */,
				1190E0BE27963CC50030B6E8 /* Release */,
			);
			defaultConfigurationIsVisible = 0;
			defaultConfigurationName = Release;
		};
		1190E0BF27963CC50030B6E8 /* Build configuration list for PBXNativeTarget "NewsApp" */ = {
			isa = XCConfigurationList;
			buildConfigurations = (
				1190E0C027963CC50030B6E8 /* Debug */,
				1190E0C127963CC50030B6E8 /* Release */,
			);
			defaultConfigurationIsVisible = 0;
			defaultConfigurationName = Release;
		};
		1190E0C227963CC50030B6E8 /* Build configuration list for PBXNativeTarget "NewsAppTests" */ = {
			isa = XCConfigurationList;
			buildConfigurations = (
				1190E0C327963CC50030B6E8 /* Debug */,
				1190E0C427963CC50030B6E8 /* Release */,
			);
			defaultConfigurationIsVisible = 0;
			defaultConfigurationName = Release;
		};
/* End XCConfigurationList section */
	};
	rootObject = 1190E08D27963CC00030B6E8 /* Project object */;
}
